
Microsoft Visual Studio Solution File, Format Version 12.00
# Visual Studio Version 16
VisualStudioVersion = 16.0.32106.194
MinimumVisualStudioVersion = 10.0.40219.1
Project("{FAE04EC0-301F-11D3-BF4B-00C04F79EFBC}") = "MyMVCProject", "MyMVCProject\MyMVCProject.csproj", "{060794F0-6DBF-4BA3-9B4F-E98A057F4866}"
EndProject
Global
	GlobalSection(SolutionConfigurationPlatforms) = preSolution
		Debug|Any CPU = Debug|Any CPU
		Release|Any CPU = Release|Any CPU
	EndGlobalSection
	GlobalSection(ProjectConfigurationPlatforms) = postSolution
		{060794F0-6DBF-4BA3-9B4F-E98A057F4866}.Debug|Any CPU.ActiveCfg = Debug|Any CPU
		{060794F0-6DBF-4BA3-9B4F-E98A057F4866}.Debug|Any CPU.Build.0 = Debug|Any CPU
		{060794F0-6DBF-4BA3-9B4F-E98A057F4866}.Release|Any CPU.ActiveCfg = Release|Any CPU
		{060794F0-6DBF-4BA3-9B4F-E98A057F4866}.Release|Any CPU.Build.0 = Release|Any CPU
	EndGlobalSection
	GlobalSection(SolutionProperties) = preSolution
		HideSolutionNode = FALSE
	EndGlobalSection
	GlobalSection(ExtensibilityGlobals) = postSolution
		SolutionGuid = {FC44A2F6-25BD-4B30-98BC-C5F92608C0D1}
	EndGlobalSection
EndGlobal
